
Microsoft Visual Studio Solution File, Format Version 12.00
# Visual Studio Version 17
VisualStudioVersion = 17.13.35919.96 d17.13
MinimumVisualStudioVersion = 10.0.40219.1
Project("{FAE04EC0-301F-11D3-BF4B-00C04F79EFBC}") = "PackingInventory", "PackingInventory.csproj", "{5A11E6A2-730E-40D3-8C5C-F74608E2ED66}"
EndProject
Global
	GlobalSection(SolutionConfigurationPlatforms) = preSolution
		Debug|Any CPU = Debug|Any CPU
		Release|Any CPU = Release|Any CPU
	EndGlobalSection
	GlobalSection(ProjectConfigurationPlatforms) = postSolution
		{5A11E6A2-730E-40D3-8C5C-F74608E2ED66}.Debug|Any CPU.ActiveCfg = Debug|Any CPU
		{5A11E6A2-730E-40D3-8C5C-F74608E2ED66}.Debug|Any CPU.Build.0 = Debug|Any CPU
		{5A11E6A2-730E-40D3-8C5C-F74608E2ED66}.Release|Any CPU.ActiveCfg = Release|Any CPU
		{5A11E6A2-730E-40D3-8C5C-F74608E2ED66}.Release|Any CPU.Build.0 = Release|Any CPU
	EndGlobalSection
	GlobalSection(SolutionProperties) = preSolution
		HideSolutionNode = FALSE
	EndGlobalSection
	GlobalSection(ExtensibilityGlobals) = postSolution
		SolutionGuid = {E31F44CA-3829-4AA9-BF7C-AEE2FC04FD54}
	EndGlobalSection
EndGlobal
