
Microsoft Visual Studio Solution File, Format Version 12.00
# Visual Studio Version 17
VisualStudioVersion = 17.13.35919.96 d17.13
MinimumVisualStudioVersion = 10.0.40219.1
Project("{FAE04EC0-301F-11D3-BF4B-00C04F79EFBC}") = "TheRobotFactory", "TheRobotFactory.csproj", "{4EFFDF41-0B43-497B-A6CD-7C97235C1CFE}"
EndProject
Global
	GlobalSection(SolutionConfigurationPlatforms) = preSolution
		Debug|Any CPU = Debug|Any CPU
		Release|Any CPU = Release|Any CPU
	EndGlobalSection
	GlobalSection(ProjectConfigurationPlatforms) = postSolution
		{4EFFDF41-0B43-497B-A6CD-7C97235C1CFE}.Debug|Any CPU.ActiveCfg = Debug|Any CPU
		{4EFFDF41-0B43-497B-A6CD-7C97235C1CFE}.Debug|Any CPU.Build.0 = Debug|Any CPU
		{4EFFDF41-0B43-497B-A6CD-7C97235C1CFE}.Release|Any CPU.ActiveCfg = Release|Any CPU
		{4EFFDF41-0B43-497B-A6CD-7C97235C1CFE}.Release|Any CPU.Build.0 = Release|Any CPU
	EndGlobalSection
	GlobalSection(SolutionProperties) = preSolution
		HideSolutionNode = FALSE
	EndGlobalSection
	GlobalSection(ExtensibilityGlobals) = postSolution
		SolutionGuid = {C537E3C2-BB69-465D-9E21-3A405E086D76}
	EndGlobalSection
EndGlobal
