
Microsoft Visual Studio Solution File, Format Version 12.00
# Visual Studio Version 17
VisualStudioVersion = 17.13.35919.96 d17.13
MinimumVisualStudioVersion = 10.0.40219.1
Project("{FAE04EC0-301F-11D3-BF4B-00C04F79EFBC}") = "LabelingInventory", "LabelingInventory.csproj", "{8ADAE58E-533B-4D38-BBA9-464BF5AE1522}"
EndProject
Global
	GlobalSection(SolutionConfigurationPlatforms) = preSolution
		Debug|Any CPU = Debug|Any CPU
		Release|Any CPU = Release|Any CPU
	EndGlobalSection
	GlobalSection(ProjectConfigurationPlatforms) = postSolution
		{8ADAE58E-533B-4D38-BBA9-464BF5AE1522}.Debug|Any CPU.ActiveCfg = Debug|Any CPU
		{8ADAE58E-533B-4D38-BBA9-464BF5AE1522}.Debug|Any CPU.Build.0 = Debug|Any CPU
		{8ADAE58E-533B-4D38-BBA9-464BF5AE1522}.Release|Any CPU.ActiveCfg = Release|Any CPU
		{8ADAE58E-533B-4D38-BBA9-464BF5AE1522}.Release|Any CPU.Build.0 = Release|Any CPU
	EndGlobalSection
	GlobalSection(SolutionProperties) = preSolution
		HideSolutionNode = FALSE
	EndGlobalSection
	GlobalSection(ExtensibilityGlobals) = postSolution
		SolutionGuid = {2BF9299F-0C76-4D6F-B769-D0F586B765CF}
	EndGlobalSection
EndGlobal
