
Microsoft Visual Studio Solution File, Format Version 12.00
# Visual Studio Version 17
VisualStudioVersion = 17.13.35919.96 d17.13
MinimumVisualStudioVersion = 10.0.40219.1
Project("{FAE04EC0-301F-11D3-BF4B-00C04F79EFBC}") = "Countdown", "Countdown.csproj", "{8ED43F21-EC6E-4700-8316-2B4D0831EA1D}"
EndProject
Global
	GlobalSection(SolutionConfigurationPlatforms) = preSolution
		Debug|Any CPU = Debug|Any CPU
		Release|Any CPU = Release|Any CPU
	EndGlobalSection
	GlobalSection(ProjectConfigurationPlatforms) = postSolution
		{8ED43F21-EC6E-4700-8316-2B4D0831EA1D}.Debug|Any CPU.ActiveCfg = Debug|Any CPU
		{8ED43F21-EC6E-4700-8316-2B4D0831EA1D}.Debug|Any CPU.Build.0 = Debug|Any CPU
		{8ED43F21-EC6E-4700-8316-2B4D0831EA1D}.Release|Any CPU.ActiveCfg = Release|Any CPU
		{8ED43F21-EC6E-4700-8316-2B4D0831EA1D}.Release|Any CPU.Build.0 = Release|Any CPU
	EndGlobalSection
	GlobalSection(SolutionProperties) = preSolution
		HideSolutionNode = FALSE
	EndGlobalSection
	GlobalSection(ExtensibilityGlobals) = postSolution
		SolutionGuid = {9EB30FC2-492F-41CE-9C82-3DD149B4A7B2}
	EndGlobalSection
EndGlobal
