
Microsoft Visual Studio Solution File, Format Version 12.00
# Visual Studio Version 17
VisualStudioVersion = 17.13.35919.96 d17.13
MinimumVisualStudioVersion = 10.0.40219.1
Project("{FAE04EC0-301F-11D3-BF4B-00C04F79EFBC}") = "CharberryTrees", "CharberryTrees.csproj", "{45C67BB2-7967-43F6-A298-D5D9C16226E7}"
EndProject
Global
	GlobalSection(SolutionConfigurationPlatforms) = preSolution
		Debug|Any CPU = Debug|Any CPU
		Release|Any CPU = Release|Any CPU
	EndGlobalSection
	GlobalSection(ProjectConfigurationPlatforms) = postSolution
		{45C67BB2-7967-43F6-A298-D5D9C16226E7}.Debug|Any CPU.ActiveCfg = Debug|Any CPU
		{45C67BB2-7967-43F6-A298-D5D9C16226E7}.Debug|Any CPU.Build.0 = Debug|Any CPU
		{45C67BB2-7967-43F6-A298-D5D9C16226E7}.Release|Any CPU.ActiveCfg = Release|Any CPU
		{45C67BB2-7967-43F6-A298-D5D9C16226E7}.Release|Any CPU.Build.0 = Release|Any CPU
	EndGlobalSection
	GlobalSection(SolutionProperties) = preSolution
		HideSolutionNode = FALSE
	EndGlobalSection
	GlobalSection(ExtensibilityGlobals) = postSolution
		SolutionGuid = {408AE7A9-9C96-4713-8469-2EA94CA230D1}
	EndGlobalSection
EndGlobal
