
Microsoft Visual Studio Solution File, Format Version 12.00
# Visual Studio Version 17
VisualStudioVersion = 17.13.35919.96 d17.13
MinimumVisualStudioVersion = 10.0.40219.1
Project("{FAE04EC0-301F-11D3-BF4B-00C04F79EFBC}") = "ListOfCommands", "ListOfCommands.csproj", "{5A41922E-5FC7-4C7A-BB09-2F676432032D}"
EndProject
Global
	GlobalSection(SolutionConfigurationPlatforms) = preSolution
		Debug|Any CPU = Debug|Any CPU
		Release|Any CPU = Release|Any CPU
	EndGlobalSection
	GlobalSection(ProjectConfigurationPlatforms) = postSolution
		{5A41922E-5FC7-4C7A-BB09-2F676432032D}.Debug|Any CPU.ActiveCfg = Debug|Any CPU
		{5A41922E-5FC7-4C7A-BB09-2F676432032D}.Debug|Any CPU.Build.0 = Debug|Any CPU
		{5A41922E-5FC7-4C7A-BB09-2F676432032D}.Release|Any CPU.ActiveCfg = Release|Any CPU
		{5A41922E-5FC7-4C7A-BB09-2F676432032D}.Release|Any CPU.Build.0 = Release|Any CPU
	EndGlobalSection
	GlobalSection(SolutionProperties) = preSolution
		HideSolutionNode = FALSE
	EndGlobalSection
	GlobalSection(ExtensibilityGlobals) = postSolution
		SolutionGuid = {BB3EACA9-78E5-4C5D-881A-E59DF310F3C6}
	EndGlobalSection
EndGlobal
